# This file is automatically generated by fishy.
# It is not intended for manual editing.

version = 1

[[commits]]
entry_hash = "00206d0cbe6bdb2bf2d9600923d95910745ffa32b298eb610991feabd4a8b19cf31d"
entry = "007c0259bc5e45619296f0dbb18cef57b205f57a7da0d19233d69ecd2e78cfdee4000137002002a537ab637d4877f2c9b7a84e3e3c2f5407e03a6b87cd2b7dd44714649853744879d34f956af8fe98dec6d99b977746d18623f054025b7a4b8ea029976d64f33945985895ce1e1280da2f7f3d6f8e0dcbae130fcd7e548e8b5b9f401e1cc70a"
operation = "840100781a736368656d615f6669656c645f646566696e6974696f6e5f7631a2646e616d6568757365726e616d65647479706563737472"

[[commits]]
entry_hash = "00200ce1565eb24a1c1c3eadff919d9b8e2376870f93285228eb5e4a0a3a5777029c"
entry = "007c0259bc5e45619296f0dbb18cef57b205f57a7da0d19233d69ecd2e78cfdee401016d0020bbb541154f3da04c2f4270a84fa9dd5a5a6f54812dca718ffcd66567fe86c6cef2eb29556493df2662148c5ed9e8b0e820caafb13058d4995656e8638be25984bdd005b70ff30efeef3d7714082492099a1a5102557e1df1f0b915827fabe90c"
operation = "84010074736368656d615f646566696e6974696f6e5f7631a36b6465736372697074696f6e6c557365722070726f66696c65666669656c64738181582200206d0cbe6bdb2bf2d9600923d95910745ffa32b298eb610991feabd4a8b19cf31d646e616d656870726f66696c6573"

[[commits]]
entry_hash = "0020cf5d30ec014bf510cf2a4d647eeed4c266f4be85e4709c82beac116ba53e18b5"
entry = "007c0259bc5e45619296f0dbb18cef57b205f57a7da0d19233d69ecd2e78cfdee40201390020afafd88e122b73cc73c614fb3f72215b061f85d113a4d096bc2e53c7f29448be2fea1f86a23345dbd6b30987a2ab77f09f57d6b4db0d16f1337c2bc52b325e019f5ad46f962b8a3bfa8f7a6fc99d0ccdeddfb175663954fc62ee13ec3c988c0f"
operation = "840100781a736368656d615f6669656c645f646566696e6974696f6e5f7631a2646e616d656a637265617465645f6174647479706563696e74"

[[commits]]
entry_hash = "00204c059260be4a8a5513113cd6dea79d92334f2b10e1e76b5b9ab9cb7fdeee6cfa"
entry = "007c0259bc5e45619296f0dbb18cef57b205f57a7da0d19233d69ecd2e78cfdee403013a002022994afb85681d52705a2b77a286922848d0cfb9f875226a3213d3dd4fc70ecea40f9663125202d2f8865b6d0b737daeb5436dcf254e987ef9b7f423ac49f01997d8c4b9bbd57696ff64668466955248dd2c8cd0431b8a83ab4bbe5c1f5da303"
operation = "840100781a736368656d615f6669656c645f646566696e6974696f6e5f7631a2646e616d656b6465736372697074696f6e647479706563737472"

[[commits]]
entry_hash = "00202b6b09b33bd90f8ed4953fa849c7cf45f5cd45455cfb27fb9d0f6dff34523995"
entry = "007c0259bc5e45619296f0dbb18cef57b205f57a7da0d19233d69ecd2e78cfdee404013b00201fe9948e298eb9dff5b369d4d3c1e69e662d5463fc9dbe53cc694dccd579f2ff97f9b0c17fa94323f0a306f08061286d44b1d30ba0a35a59678f03327770aab530314fa2dfa164fa36a51ea7e037d9b27670455137378a2233e0c68fc62c1004"
operation = "840100781a736368656d615f6669656c645f646566696e6974696f6e5f7631a2646e616d656c68617070656e696e675f6174647479706563696e74"

[[commits]]
entry_hash = "0020c3ffb0195ba25144bdddc7254e9573e74740dc713f8ad595779a92395006b338"
entry = "007c0259bc5e45619296f0dbb18cef57b205f57a7da0d19233d69ecd2e78cfdee405013700203d2b884e0d6ce6341a2076d8add48b6e516781e296344258cb85d3986918d0510bcbfcb9a7fe5850cd820a7c06e1d118011690ce6a26ba7a273e40d08c708f70e2fb08c96bfaa1943716280eb4523d7afc92e3507d5aeb547301152f2f87da0d"
operation = "840100781a736368656d615f6669656c645f646566696e6974696f6e5f7631a2646e616d65686c6f636174696f6e647479706563737472"

[[commits]]
entry_hash = "0020699ef9d53f4a10e936d6b45391f16227e95fb14bfd2ea02db83f36db60071055"
entry = "007c0259bc5e45619296f0dbb18cef57b205f57a7da0d19233d69ecd2e78cfdee4060134002051b639f9b643ad3f9a4181d9e9f13ff8861902bd14d757fe03dc973f3591f445e6926dbc05e60906a1d1954b654f78716e5a016fd9affe1e0413b76a95bd5db08131ac1086b4fd4fd5334e4565cb72693a021d67e14a2e23ec3f3f34346a9d08"
operation = "840100781a736368656d615f6669656c645f646566696e6974696f6e5f7631a2646e616d65657469746c65647479706563737472"

[[commits]]
entry_hash = "002059d5a03b7fe7b1c9c5c752146e25f354b39d23a31e31dd6a5b3ecb25c28e71ed"
entry = "007c0259bc5e45619296f0dbb18cef57b205f57a7da0d19233d69ecd2e78cfdee40701f901160020000bc590cedfe61a4c8ffa9c6c4817ac5ffeb9485d88a3074d0a572b58252e18e31f893a011ca1f1ac632f104349a5a80f942ee0746b2c9ebc72fde818c98a4701ed6cbf08b9f7b3eeb218707952399a27837100a10e1df2c86f3b258c64b00d"
operation = "84010074736368656d615f646566696e6974696f6e5f7631a36b6465736372697074696f6e782250726f706f736564206576656e7420666f7220616e20756e636f6e666572656e6365666669656c6473858158220020cf5d30ec014bf510cf2a4d647eeed4c266f4be85e4709c82beac116ba53e18b581582200204c059260be4a8a5513113cd6dea79d92334f2b10e1e76b5b9ab9cb7fdeee6cfa81582200202b6b09b33bd90f8ed4953fa849c7cf45f5cd45455cfb27fb9d0f6dff345239958158220020c3ffb0195ba25144bdddc7254e9573e74740dc713f8ad595779a92395006b3388158220020699ef9d53f4a10e936d6b45391f16227e95fb14bfd2ea02db83f36db60071055646e616d65666576656e7473"

[[commits]]
entry_hash = "0020d55f7b309fca9f54dc928e956ffd1cccbde5a182704d1c813054dad6faab673e"
entry = "007c0259bc5e45619296f0dbb18cef57b205f57a7da0d19233d69ecd2e78cfdee40801390020afafd88e122b73cc73c614fb3f72215b061f85d113a4d096bc2e53c7f29448bee0e3f219eafbb1e6cf7096fdafba99bd00e9a471f79265ad330d5ff0d90880a2d139c9ec920b8785c47086c13e09c66ede359c5cd172b6283570c773cc98f70c"
operation = "840100781a736368656d615f6669656c645f646566696e6974696f6e5f7631a2646e616d656a637265617465645f6174647479706563696e74"

[[commits]]
entry_hash = "00209ee56b055b4fd0c9cd03220d43e79f68967d287f8ec815a7338de63360399eeb"
entry = "007c0259bc5e45619296f0dbb18cef57b205f57a7da0d19233d69ecd2e78cfdee409018700209e76826a363ffc4b845b8bcd8d56d344a2827883ef16b258f107672cbe8ff71a86cf1da27217a32f027d011cd331db99221d04d6a6529a65f29f0055048d63e5410a84e1a3889ef41bc29311c55ba977a31d23478d10f702d04ff7177881e801"
operation = "840100781a736368656d615f6669656c645f646566696e6974696f6e5f7631a2646e616d65656576656e746474797065785572656c6174696f6e286576656e74735f303032303539643561303362376665376231633963356337353231343665323566333534623339643233613331653331646436613562336563623235633238653731656429"

[[commits]]
entry_hash = "002080295bf0fa04144ea191a249a8600f31ea73c7b0293723ecb1ce43603879ff35"
entry = "007c0259bc5e45619296f0dbb18cef57b205f57a7da0d19233d69ecd2e78cfdee40a013300206cdfce762e0b8f427d4d9dd56e8e096d06f5983a4a27ff22d5e3eb12cd2f5b5f24d60ac95046d6584efa5f164fb84e727e14c7759665b5f654e2250a141c82eb1c6c6a3955a973b6b513244039f50d52b3b96a0f21dc374da97a081c66ee770a"
operation = "840100781a736368656d615f6669656c645f646566696e6974696f6e5f7631a2646e616d656474657874647479706563737472"

[[commits]]
entry_hash = "0020412850392f504a2ed54a780bedf2d7807f067dc7b47fbe14aa37ed9784276503"
entry = "007c0259bc5e45619296f0dbb18cef57b205f57a7da0d19233d69ecd2e78cfdee40b01be00206d01119c7bc9ceb5ea8b7bf4c7ed50d012235e7ebc2a3b2f9ce62b4cf6d265fdf06020ea4b1462268135e3ec06ef44aa1d88949e405263b56c8e01fbb807e2d7ab3821f51c97b70da274f20b4e8f398a9f486b1a5a355b5aa09b093ec172c606"
operation = "84010074736368656d615f646566696e6974696f6e5f7631a36b6465736372697074696f6e73436f6d6d656e74206f6e20616e206576656e74666669656c6473838158220020d55f7b309fca9f54dc928e956ffd1cccbde5a182704d1c813054dad6faab673e81582200209ee56b055b4fd0c9cd03220d43e79f68967d287f8ec815a7338de63360399eeb815822002080295bf0fa04144ea191a249a8600f31ea73c7b0293723ecb1ce43603879ff35646e616d6568636f6d6d656e7473"

[[commits]]
entry_hash = "0020994cb172d87355c95f97bd3cfccf0dd8d18029d3faae5e989c9413b55b0c1401"
entry = "007c0259bc5e45619296f0dbb18cef57b205f57a7da0d19233d69ecd2e78cfdee40c018700209e76826a363ffc4b845b8bcd8d56d344a2827883ef16b258f107672cbe8ff71a1346334ff3470d7a758b25ad06ba0683d417f6a8a04aaf54d78d4f1afa111852253d1ce5543f37ad5e1e2fa54ce2c3bad019ad894365b6c8671eb9b2cb3d420b"
operation = "840100781a736368656d615f6669656c645f646566696e6974696f6e5f7631a2646e616d65656576656e746474797065785572656c6174696f6e286576656e74735f303032303539643561303362376665376231633963356337353231343665323566333534623339643233613331653331646436613562336563623235633238653731656429"

[[commits]]
entry_hash = "0020186d7a7f24f478357be25684c0a9c019a595671762a8cf71b2ca72332b9defc1"
entry = "007c0259bc5e45619296f0dbb18cef57b205f57a7da0d19233d69ecd2e78cfdee40d01810020aa1474649125a4563cc656e7fb672ea6b6e3e779d90d63fba31290779b57ef84a7ff7dc17a363d4ae21a54b130f6822ddb9b3688959d5b3156451b91f51fea7c484f0cad5f162c24354b4ba75aeb1ee6eb7d4357c4bccd8586ab3d2b4a8f3b03"
operation = "84010074736368656d615f646566696e6974696f6e5f7631a36b6465736372697074696f6e781e53686f7720796f757220696e74657265737420696e20616e206576656e74666669656c6473818158220020994cb172d87355c95f97bd3cfccf0dd8d18029d3faae5e989c9413b55b0c1401646e616d65697265616374696f6e73"
