# This file is automatically generated by fishy.
# It is not intended for manual editing.

version = 1

[[commits]]
entry_hash = "0020a4a14b03dbdc2ab8296e27506dbc35cd03df5b79954642585e732bb8c7d3bb68"
entry = "00a38c45af5800d66358a013ced1db92aba9877b8260fda42b05a69ed159301060000137002002a537ab637d4877f2c9b7a84e3e3c2f5407e03a6b87cd2b7dd4471464985374bc9061a271c4624d4f343834dc3181a7a1fa10f1095513df9b2ba154441327c90c167b258fcb686b272fa2c13dff04aafaf25353bc253eae7434f2b21dbf400b"
operation = "840100781a736368656d615f6669656c645f646566696e6974696f6e5f7631a2646e616d6568757365726e616d65647479706563737472"

[[commits]]
entry_hash = "0020a895b47a1319005369800f9e9fb9d74c54569e3e50610aa4c0a4065290e6ce19"
entry = "00a38c45af5800d66358a013ced1db92aba9877b8260fda42b05a69ed15930106001018f0020acb5d4b125515e697a485335cc80016926bd47d5b46656dd185282bebf91d0d38b883b71fab4548bbb7bec5b13003f455d7149075f298d3a37dcbcd348526c68520396758af66e8c5f35c5945d071f523589cccd05b5edc30d8b7f56c71fd70f"
operation = "84010074736368656d615f646566696e6974696f6e5f7631a36b6465736372697074696f6e6c557365722070726f66696c65666669656c6473818178443030323061346131346230336462646332616238323936653237353036646263333563643033646635623739393534363432353835653733326262386337643362623638646e616d656870726f66696c6573"

[[commits]]
entry_hash = "00204c5ce98d409e3a7dba97049ade3d58fd48afc750da13ce3b5965ec43a84b3a3b"
entry = "00a38c45af5800d66358a013ced1db92aba9877b8260fda42b05a69ed1593010600201390020afafd88e122b73cc73c614fb3f72215b061f85d113a4d096bc2e53c7f29448be1e9023fe7aad412f0ac74921690dc4bfa0f14610b7a80996bb46827d253011a85551a426b10e78e9e64839e2fe57532312a83878d66711b687f13ad0ffa55802"
operation = "840100781a736368656d615f6669656c645f646566696e6974696f6e5f7631a2646e616d656a637265617465645f6174647479706563696e74"

[[commits]]
entry_hash = "002099aa289ca34e91c4cb209bc93b16212393349f64541981b3eb404b3595c2aa9e"
entry = "00a38c45af5800d66358a013ced1db92aba9877b8260fda42b05a69ed15930106003013b00201fe9948e298eb9dff5b369d4d3c1e69e662d5463fc9dbe53cc694dccd579f2ff391cd58be4067118cf9defca3664bc66637b927da6eaa009e019cc4c5e5ca276aebcf9e51898288f0f9840fa93d6700d26947a86973e12e4492bd133b051ed06"
operation = "840100781a736368656d615f6669656c645f646566696e6974696f6e5f7631a2646e616d656c68617070656e696e675f6174647479706563696e74"

[[commits]]
entry_hash = "0020fef3526cdc8c93919925f6d01874c12cf8b777038897584a53932951986dafbc"
entry = "00a38c45af5800d66358a013ced1db92aba9877b8260fda42b05a69ed15930106004013700203d2b884e0d6ce6341a2076d8add48b6e516781e296344258cb85d3986918d0510c0ab0948cc105745b410d45f813ba8fdf4e87398a816e4dae431d8aa37ac4ed412b0c1bcff6a12bfb4faf9aaa84af55baefec3687ba60f34795b25b97402301"
operation = "840100781a736368656d615f6669656c645f646566696e6974696f6e5f7631a2646e616d65686c6f636174696f6e647479706563737472"

[[commits]]
entry_hash = "0020b92a829b7787158d4515e93baa5ecf5a151dc33bcc428929aa8e177b7698bc9a"
entry = "00a38c45af5800d66358a013ced1db92aba9877b8260fda42b05a69ed159301060050134002051b639f9b643ad3f9a4181d9e9f13ff8861902bd14d757fe03dc973f3591f44553fe901b4d923de8c6c51ce594f5123c99c2404f3109987ae7e2c00df6cdeb041d9679b42bdc90f8dafdb4121c6741ed953110f32e365eb7d380b20050cd230b"
operation = "840100781a736368656d615f6669656c645f646566696e6974696f6e5f7631a2646e616d65657469746c65647479706563737472"

[[commits]]
entry_hash = "002023729c089551f00f3a0f7e190110b8f4b5b8355e5446a228e26938384ffaef25"
entry = "00a38c45af5800d66358a013ced1db92aba9877b8260fda42b05a69ed1593010600601f90179002004cc44ce51d85d2a92c55229bed14f925e8d1aada9686c42e66f988d5e9ddb4724fd4d5f896290bf91c3bcfa48078b229c9d61bf5db84aca3265a52f27781ad1f9b96872c0259d9194421aa839337bb618e9323cd32678cb86358569f31eb900"
operation = "84010074736368656d615f646566696e6974696f6e5f7631a36b6465736372697074696f6e782250726f706f736564206576656e7420666f7220616e20756e636f6e666572656e6365666669656c6473848178443030323034633563653938643430396533613764626139373034396164653364353866643438616663373530646131336365336235393635656334336138346233613362817844303032303939616132383963613334653931633463623230396263393362313632313233393333343966363435343139383162336562343034623335393563326161396581784430303230666566333532366364633863393339313939323566366430313837346331326366386237373730333838393735383461353339333239353139383664616662638178443030323062393261383239623737383731353864343531356539336261613565636635613135316463333362636334323839323961613865313737623736393862633961646e616d65666576656e7473"

[[commits]]
entry_hash = "0020f0b58b5be260639ec73a3e25b9df937e7c9e4cbaf283d91587baa14a56b0bdf3"
entry = "00a38c45af5800d66358a013ced1db92aba9877b8260fda42b05a69ed1593010600701870020065efc1e9ad3619395905efd6e88a0e62ba0a1a9ed37e4a0186a01fb7ed20b15d998db85451a76b1f00e018a7050ad357dbfafb5f56195e64740ad88ec79a7d5c72b1c389a948d8c9f27cbd59714334d9d21ceea52737e81eaa8e8fb80094e0e"
operation = "840100781a736368656d615f6669656c645f646566696e6974696f6e5f7631a2646e616d65656576656e746474797065785572656c6174696f6e286576656e74735f303032303233373239633038393535316630306633613066376531393031313062386634623562383335356535343436613232386532363933383338346666616566323529"

[[commits]]
entry_hash = "002046426ec129e2fec603e09a389c57cf17de469b7bdb2fe9c68f75c5a360292531"
entry = "00a38c45af5800d66358a013ced1db92aba9877b8260fda42b05a69ed1593010600801a300201ad7d5206bcf12e6834919d6c8330cfe0091c416a3c27e735fcaa3089dece2d9b63c404b88df366de5f355c7a42b4e785276b56eed5316503376791d75b224bb14f7525cc1e8723dc65b0ffb412dfb415b76a15491194d1c2ca1ee3896b48306"
operation = "84010074736368656d615f646566696e6974696f6e5f7631a36b6465736372697074696f6e781e53686f7720796f757220696e74657265737420696e20616e206576656e74666669656c6473818178443030323066306235386235626532363036333965633733613365323562396466393337653763396534636261663238336439313538376261613134613536623062646633646e616d65697265616374696f6e73"

[[commits]]
entry_hash = "00204b4c88584704d5f95fea266a3b801dab9491197739a81a022a44b2a5533cfd12"
entry = "00a38c45af5800d66358a013ced1db92aba9877b8260fda42b05a69ed1593010600901390020afafd88e122b73cc73c614fb3f72215b061f85d113a4d096bc2e53c7f29448beda1a45d9b020b8f685e382143723e3cad14bce64e6a783c8fa4ebd61087670f46853f6b78d4c486fcb38bd6d31ad40c6cc2cc6b3e80d4aeaaf270682fd9e2a00"
operation = "840100781a736368656d615f6669656c645f646566696e6974696f6e5f7631a2646e616d656a637265617465645f6174647479706563696e74"

[[commits]]
entry_hash = "0020ddb79a063371629a5325503d4bdc0c74a3e12a8700443c269a5548eef2188e27"
entry = "00a38c45af5800d66358a013ced1db92aba9877b8260fda42b05a69ed1593010600a01870020065efc1e9ad3619395905efd6e88a0e62ba0a1a9ed37e4a0186a01fb7ed20b15c546584e3f268b1fc8f24a1f197c63d1acc9dfb6db68e238f55947b471560bf74377ceb93dcab592f5097ca18dcdf2c181951d7c7b3887f4782f2348af25c605"
operation = "840100781a736368656d615f6669656c645f646566696e6974696f6e5f7631a2646e616d65656576656e746474797065785572656c6174696f6e286576656e74735f303032303233373239633038393535316630306633613066376531393031313062386634623562383335356535343436613232386532363933383338346666616566323529"

[[commits]]
entry_hash = "0020e9839c64bcfa0af464fffee98ddb2af6e0abb10f529d00e2103745d098e30fa9"
entry = "00a38c45af5800d66358a013ced1db92aba9877b8260fda42b05a69ed1593010600b013300206cdfce762e0b8f427d4d9dd56e8e096d06f5983a4a27ff22d5e3eb12cd2f5b5f4424c3b923b2460b890a6b65f3a39b46c04e25dad60c965be973d0b5463bd9906e59d4ddcec5f9b542b3986381ea5b5de818656aca58f42c4fc6a7ecbf9eae02"
operation = "840100781a736368656d615f6669656c645f646566696e6974696f6e5f7631a2646e616d656474657874647479706563737472"

[[commits]]
entry_hash = "00201be5888f0a8dde02695ad22975cad9caf08cbd85ddcbd51bd659fa51623862a4"
entry = "00a38c45af5800d66358a013ced1db92aba9877b8260fda42b05a69ed1593010600c01f90124002084c9168b21dcb58b6ebc21a3e7d3dba007d59d324017599d3a51cb7378e49603c694e8986ae84efe55d5aa15d6e5a4490eef5ebcd718d6d111830c808edfcd9f80b7e227147ffd10031e3f00bb94b5a39512e8b131b90043c6f09657f7c49702"
operation = "84010074736368656d615f646566696e6974696f6e5f7631a36b6465736372697074696f6e73436f6d6d656e74206f6e20616e206576656e74666669656c647383817844303032303462346338383538343730346435663935666561323636613362383031646162393439313139373733396138316130323261343462326135353333636664313281784430303230646462373961303633333731363239613533323535303364346264633063373461336531326138373030343433633236396135353438656566323138386532378178443030323065393833396336346263666130616634363466666665653938646462326166366530616262313066353239643030653231303337343564303938653330666139646e616d6568636f6d6d656e7473"

[[commits]]
entry_hash = "0020abbcc6306545dd435341e936f7c89bcb6b0f731fac8a5f583c1076a57f06d714"
entry = "00a38c45af5800d66358a013ced1db92aba9877b8260fda42b05a69ed1593010600d013a002022994afb85681d52705a2b77a286922848d0cfb9f875226a3213d3dd4fc70ece9cfd0fb099e6012741d8d300d19e37bb00cfe80f9695dad5360664653fbb18e70d2f522c33cf1896aa2bb761164dcfc208b3970c51ab0380f2ea49ee8bc9ac00"
operation = "840100781a736368656d615f6669656c645f646566696e6974696f6e5f7631a2646e616d656b6465736372697074696f6e647479706563737472"

[[commits]]
entry_hash = "002068630c898d13851d24f99f2671d2a5170e8fe5dbccc5da8415884a4bcc0622aa"
entry = "00a38c45af5800d66358a013ced1db92aba9877b8260fda42b05a69ed1593010600602002023729c089551f00f3a0f7e190110b8f4b5b8355e5446a228e26938384ffaef25f901cb002029f9d8ed694bbbed333a5f926f6b8f7da1ca0db7819f55210b162f322d3f384ef919bc362a81dbbe044b048065bad8358e40d10ab67375264bc72e024707ea8bc6875551c139616a32b1f802d5ecc98708d56d906ce7dd165cac26fa27cbe90d"
operation = "85010174736368656d615f646566696e6974696f6e5f76318178443030323032333732396330383935353166303066336130663765313930313130623866346235623833353565353434366132323865323639333833383466666165663235a1666669656c64738581784430303230346335636539386434303965336137646261393730343961646533643538666434386166633735306461313363653362353936356563343361383462336133628178443030323061626263633633303635343564643433353334316539333666376338396263623662306637333166616338613566353833633130373661353766303664373134817844303032303939616132383963613334653931633463623230396263393362313632313233393333343966363435343139383162336562343034623335393563326161396581784430303230666566333532366364633863393339313939323566366430313837346331326366386237373730333838393735383461353339333239353139383664616662638178443030323062393261383239623737383731353864343531356539336261613565636635613135316463333362636334323839323961613865313737623736393862633961"

[[commits]]
entry_hash = "0020cc4e93604072c90de405be387cf152d44967c9e673275b66e4647fd982cb1766"
entry = "00a38c45af5800d66358a013ced1db92aba9877b8260fda42b05a69ed15930106007020020f0b58b5be260639ec73a3e25b9df937e7c9e4cbaf283d91587baa14a56b0bdf3c30020aca77c8e8c7cd1932b09d934d6c83df2beebc4efd3dd8316a76b39aa757ac2396b332298a7c545f3d57d976bca6100a19290bcae750511c816af666a69cd15f4fc8b55ff9190ef5168656bce1d8e7ee864c8e2580c80d118ed97ebec39088508"
operation = "850101781a736368656d615f6669656c645f646566696e6974696f6e5f76318178443030323066306235386235626532363036333965633733613365323562396466393337653763396534636261663238336439313538376261613134613536623062646633a16474797065785572656c6174696f6e286576656e74735f303032303638363330633839386431333835316432346639396632363731643261353137306538666535646263636335646138343135383834613462636330363232616129"

[[commits]]
entry_hash = "0020610e865e0dd7475201fc45fef59415fd0096c309932d53455c4a29918d174726"
entry = "00a38c45af5800d66358a013ced1db92aba9877b8260fda42b05a69ed1593010600802002046426ec129e2fec603e09a389c57cf17de469b7bdb2fe9c68f75c5a360292531af0020d451df6e953306ba9be092c3cf2c6e30e8ec945288bb89bff956ff800125c460b18dca4b9d7f0526051d4280d590f123db12df86b2e0def69dd46a6d145cc4a0074038f7ab84b0e00680a6450a028cc8f29bf1fc5b5bcd06de6521ca9511a205"
operation = "85010174736368656d615f646566696e6974696f6e5f76318178443030323034363432366563313239653266656336303365303961333839633537636631376465343639623762646232666539633638663735633561333630323932353331a1666669656c6473818178443030323063633465393336303430373263393064653430356265333837636631353264343439363763396536373332373562363665343634376664393832636231373636"

[[commits]]
entry_hash = "0020a56f18906580f5edd25562a312fef835c4585e433eea9ad1b23f92448439fe86"
entry = "00a38c45af5800d66358a013ced1db92aba9877b8260fda42b05a69ed1593010600a020020ddb79a063371629a5325503d4bdc0c74a3e12a8700443c269a5548eef2188e27c300205d2709821cdb0076b9d90caa2538daddcfb81a033ce232678789f74bd82f2d2daf7cfad18059bca1787ecc9d7892f7350dc908255d18f2183f4ed384c619d8b20c51884df2171cce432c2925707276dda27a91a0b39d645c566763a80b83120b"
operation = "850101781a736368656d615f6669656c645f646566696e6974696f6e5f76318178443030323064646237396130363333373136323961353332353530336434626463306337346133653132613837303034343363323639613535343865656632313838653237a16474797065785572656c6174696f6e286576656e74735f303032303638363330633839386431333835316432346639396632363731643261353137306538666535646263636335646138343135383834613462636330363232616129"

[[commits]]
entry_hash = "0020451cc328dc2b519a2a2ad7e9959f27c14c1b2072dab2937c3e341d7281c4eea1"
entry = "00a38c45af5800d66358a013ced1db92aba9877b8260fda42b05a69ed1593010600c0200201be5888f0a8dde02695ad22975cad9caf08cbd85ddcbd51bd659fa51623862a4f9013d0020982424ff61cf4907ec53e618554fb00d23b936f19f63ae89b9ee610591a2fec032ad3e582c0c2661965e06330dba89345e95d15d7abaae72b4e4b1c5ed1db7a5f1c1af3278772e16b8b89973d5141f136314371d65a3778e97527790ce898606"
operation = "85010174736368656d615f646566696e6974696f6e5f76318178443030323031626535383838663061386464653032363935616432323937356361643963616630386362643835646463626435316264363539666135313632333836326134a1666669656c647383817844303032303462346338383538343730346435663935666561323636613362383031646162393439313139373733396138316130323261343462326135353333636664313281784430303230613536663138393036353830663565646432353536326133313266656638333563343538356534333365656139616431623233663932343438343339666538368178443030323065393833396336346263666130616634363466666665653938646462326166366530616262313066353239643030653231303337343564303938653330666139"
